// !$*UTF8*$!
{
	archiveVersion = 1;
	classes = {
	};
	objectVersion = 48;
	objects = {

/* Begin PBXBuildFile section */
		5992CF341FA18F4500898EEB /* AppDelegate.swift in Sources */ = {isa = PBXBuildFile; fileRef = 5992CF331FA18F4500898EEB /* AppDelegate.swift */; };
		5992CF391FA18F4500898EEB /* Main.storyboard in Resources */ = {isa = PBXBuildFile; fileRef = 5992CF371FA18F4500898EEB /* Main.storyboard */; };
		5992CF3B1FA18F4500898EEB /* Assets.xcassets in Resources */ = {isa = PBXBuildFile; fileRef = 5992CF3A1FA18F4500898EEB /* Assets.xcassets */; };
		5992CF3E1FA18F4500898EEB /* LaunchScreen.storyboard in Resources */ = {isa = PBXBuildFile; fileRef = 5992CF3C1FA18F4500898EEB /* LaunchScreen.storyboard */; };
		5992CF511FA18FD900898EEB /* ViewController.swift in Sources */ = {isa = PBXBuildFile; fileRef = 5992CF501FA18FD900898EEB /* ViewController.swift */; };
		5992CF581FA1902900898EEB /* Animal.swift in Sources */ = {isa = PBXBuildFile; fileRef = 5992CF531FA1902900898EEB /* Animal.swift */; };
		5992CF591FA1902900898EEB /* ClassModel.swift in Sources */ = {isa = PBXBuildFile; fileRef = 5992CF541FA1902900898EEB /* ClassModel.swift */; };
		5992CF5A1FA1902900898EEB /* Person.swift in Sources */ = {isa = PBXBuildFile; fileRef = 5992CF551FA1902900898EEB /* Person.swift */; };
		5992CF5B1FA1902900898EEB /* PersonReplace.swift in Sources */ = {isa = PBXBuildFile; fileRef = 5992CF561FA1902900898EEB /* PersonReplace.swift */; };
		5992CF5C1FA1902900898EEB /* SchoolModel.swift in Sources */ = {isa = PBXBuildFile; fileRef = 5992CF571FA1902900898EEB /* SchoolModel.swift */; };
		5992CF5F1FA1903700898EEB /* TinyModel.swift in Sources */ = {isa = PBXBuildFile; fileRef = 5992CF5E1FA1903700898EEB /* TinyModel.swift */; };
/* End PBXBuildFile section */

/* Begin PBXFileReference section */
		5992CF301FA18F4500898EEB /* MJExtensionSwift.app */ = {isa = PBXFileReference; explicitFileType = wrapper.application; includeInIndex = 0; path = MJExtensionSwift.app; sourceTree = BUILT_PRODUCTS_DIR; };
		5992CF331FA18F4500898EEB /* AppDelegate.swift */ = {isa = PBXFileReference; lastKnownFileType = sourcecode.swift; path = AppDelegate.swift; sourceTree = "<group>"; };
		5992CF381FA18F4500898EEB /* Base */ = {isa = PBXFileReference; lastKnownFileType = file.storyboard; name = Base; path = Base.lproj/Main.storyboard; sourceTree = "<group>"; };
		5992CF3A1FA18F4500898EEB /* Assets.xcassets */ = {isa = PBXFileReference; lastKnownFileType = folder.assetcatalog; path = Assets.xcassets; sourceTree = "<group>"; };
		5992CF3D1FA18F4500898EEB /* Base */ = {isa = PBXFileReference; lastKnownFileType = file.storyboard; name = Base; path = Base.lproj/LaunchScreen.storyboard; sourceTree = "<group>"; };
		5992CF3F1FA18F4500898EEB /* Info.plist */ = {isa = PBXFileReference; lastKnownFileType = text.plist.xml; path = Info.plist; sourceTree = "<group>"; };
		5992CF501FA18FD900898EEB /* ViewController.swift */ = {isa = PBXFileReference; fileEncoding = 4; lastKnownFileType = sourcecode.swift; path = ViewController.swift; sourceTree = "<group>"; };
		5992CF531FA1902900898EEB /* Animal.swift */ = {isa = PBXFileReference; fileEncoding = 4; lastKnownFileType = sourcecode.swift; path = Animal.swift; sourceTree = "<group>"; };
		5992CF541FA1902900898EEB /* ClassModel.swift */ = {isa = PBXFileReference; fileEncoding = 4; lastKnownFileType = sourcecode.swift; path = ClassModel.swift; sourceTree = "<group>"; };
		5992CF551FA1902900898EEB /* Person.swift */ = {isa = PBXFileReference; fileEncoding = 4; lastKnownFileType = sourcecode.swift; path = Person.swift; sourceTree = "<group>"; };
		5992CF561FA1902900898EEB /* PersonReplace.swift */ = {isa = PBXFileReference; fileEncoding = 4; lastKnownFileType = sourcecode.swift; path = PersonReplace.swift; sourceTree = "<group>"; };
		5992CF571FA1902900898EEB /* SchoolModel.swift */ = {isa = PBXFileReference; fileEncoding = 4; lastKnownFileType = sourcecode.swift; path = SchoolModel.swift; sourceTree = "<group>"; };
		5992CF5E1FA1903700898EEB /* TinyModel.swift */ = {isa = PBXFileReference; fileEncoding = 4; lastKnownFileType = sourcecode.swift; path = TinyModel.swift; sourceTree = "<group>"; };
/* End PBXFileReference section */

/* Begin PBXFrameworksBuildPhase section */
		5992CF2D1FA18F4500898EEB /* Frameworks */ = {
			isa = PBXFrameworksBuildPhase;
			buildActionMask = 2147483647;
			files = (
			);
			runOnlyForDeploymentPostprocessing = 0;
		};
/* End PBXFrameworksBuildPhase section */

/* Begin PBXGroup section */
		5992CF271FA18F4500898EEB = {
			isa = PBXGroup;
			children = (
				5992CF321FA18F4500898EEB /* MJExtensionSwift */,
				5992CF311FA18F4500898EEB /* Products */,
			);
			sourceTree = "<group>";
		};
		5992CF311FA18F4500898EEB /* Products */ = {
			isa = PBXGroup;
			children = (
				5992CF301FA18F4500898EEB /* MJExtensionSwift.app */,
			);
			name = Products;
			sourceTree = "<group>";
		};
		5992CF321FA18F4500898EEB /* MJExtensionSwift */ = {
			isa = PBXGroup;
			children = (
				5992CF5D1FA1903700898EEB /* TinyModel */,
				5992CF521FA1902900898EEB /* Model */,
				5992CF501FA18FD900898EEB /* ViewController.swift */,
				5992CF331FA18F4500898EEB /* AppDelegate.swift */,
				5992CF371FA18F4500898EEB /* Main.storyboard */,
				5992CF3A1FA18F4500898EEB /* Assets.xcassets */,
				5992CF3C1FA18F4500898EEB /* LaunchScreen.storyboard */,
				5992CF3F1FA18F4500898EEB /* Info.plist */,
			);
			path = MJExtensionSwift;
			sourceTree = "<group>";
		};
		5992CF521FA1902900898EEB /* Model */ = {
			isa = PBXGroup;
			children = (
				5992CF531FA1902900898EEB /* Animal.swift */,
				5992CF541FA1902900898EEB /* ClassModel.swift */,
				5992CF551FA1902900898EEB /* Person.swift */,
				5992CF561FA1902900898EEB /* PersonReplace.swift */,
				5992CF571FA1902900898EEB /* SchoolModel.swift */,
			);
			path = Model;
			sourceTree = "<group>";
		};
		5992CF5D1FA1903700898EEB /* TinyModel */ = {
			isa = PBXGroup;
			children = (
				5992CF5E1FA1903700898EEB /* TinyModel.swift */,
			);
			path = TinyModel;
			sourceTree = "<group>";
		};
/* End PBXGroup section */

/* Begin PBXNativeTarget section */
		5992CF2F1FA18F4500898EEB /* MJExtensionSwift */ = {
			isa = PBXNativeTarget;
			buildConfigurationList = 5992CF421FA18F4500898EEB /* Build configuration list for PBXNativeTarget "MJExtensionSwift" */;
			buildPhases = (
				5992CF2C1FA18F4500898EEB /* Sources */,
				5992CF2D1FA18F4500898EEB /* Frameworks */,
				5992CF2E1FA18F4500898EEB /* Resources */,
			);
			buildRules = (
			);
			dependencies = (
			);
			name = MJExtensionSwift;
			productName = MJExtensionSwift;
			productReference = 5992CF301FA18F4500898EEB /* MJExtensionSwift.app */;
			productType = "com.apple.product-type.application";
		};
/* End PBXNativeTarget section */

/* Begin PBXProject section */
		5992CF281FA18F4500898EEB /* Project object */ = {
			isa = PBXProject;
			attributes = {
				LastSwiftUpdateCheck = 0900;
				LastUpgradeCheck = 0900;
				ORGANIZATIONNAME = dacai;
				TargetAttributes = {
					5992CF2F1FA18F4500898EEB = {
						CreatedOnToolsVersion = 9.0.1;
						ProvisioningStyle = Automatic;
					};
				};
			};
			buildConfigurationList = 5992CF2B1FA18F4500898EEB /* Build configuration list for PBXProject "MJExtensionSwift" */;
			compatibilityVersion = "Xcode 8.0";
			developmentRegion = en;
			hasScannedForEncodings = 0;
			knownRegions = (
				en,
				Base,
			);
			mainGroup = 5992CF271FA18F4500898EEB;
			productRefGroup = 5992CF311FA18F4500898EEB /* Products */;
			projectDirPath = "";
			projectRoot = "";
			targets = (
				5992CF2F1FA18F4500898EEB /* MJExtensionSwift */,
			);
		};
/* End PBXProject section */

/* Begin PBXResourcesBuildPhase section */
		5992CF2E1FA18F4500898EEB /* Resources */ = {
			isa = PBXResourcesBuildPhase;
			buildActionMask = 2147483647;
			files = (
				5992CF3E1FA18F4500898EEB /* LaunchScreen.storyboard in Resources */,
				5992CF3B1FA18F4500898EEB /* Assets.xcassets in Resources */,
				5992CF391FA18F4500898EEB /* Main.storyboard in Resources */,
			);
			runOnlyForDeploymentPostprocessing = 0;
		};
/* End PBXResourcesBuildPhase section */

/* Begin PBXSourcesBuildPhase section */
		5992CF2C1FA18F4500898EEB /* Sources */ = {
			isa = PBXSourcesBuildPhase;
			buildActionMask = 2147483647;
			files = (
				5992CF5A1FA1902900898EEB /* Person.swift in Sources */,
				5992CF341FA18F4500898EEB /* AppDelegate.swift in Sources */,
				5992CF511FA18FD900898EEB /* ViewController.swift in Sources */,
				5992CF5B1FA1902900898EEB /* PersonReplace.swift in Sources */,
				5992CF5C1FA1902900898EEB /* SchoolModel.swift in Sources */,
				5992CF591FA1902900898EEB /* ClassModel.swift in Sources */,
				5992CF581FA1902900898EEB /* Animal.swift in Sources */,
				5992CF5F1FA1903700898EEB /* TinyModel.swift in Sources */,
			);
			runOnlyForDeploymentPostprocessing = 0;
		};
/* End PBXSourcesBuildPhase section */

/* Begin PBXVariantGroup section */
		5992CF371FA18F4500898EEB /* Main.storyboard */ = {
			isa = PBXVariantGroup;
			children = (
				5992CF381FA18F4500898EEB /* Base */,
			);
			name = Main.storyboard;
			sourceTree = "<group>";
		};
		5992CF3C1FA18F4500898EEB /* LaunchScreen.storyboard */ = {
			isa = PBXVariantGroup;
			children = (
				5992CF3D1FA18F4500898EEB /* Base */,
			);
			name = LaunchScreen.storyboard;
			sourceTree = "<group>";
		};
/* End PBXVariantGroup section */

/* Begin XCBuildConfiguration section */
		5992CF401FA18F4500898EEB /* Debug */ = {
			isa = XCBuildConfiguration;
			buildSettings = {
				ALWAYS_SEARCH_USER_PATHS = NO;
				CLANG_ANALYZER_NONNULL = YES;
				CLANG_ANALYZER_NUMBER_OBJECT_CONVERSION = YES_AGGRESSIVE;
				CLANG_CXX_LANGUAGE_STANDARD = "gnu++14";
				CLANG_CXX_LIBRARY = "libc++";
				CLANG_ENABLE_MODULES = YES;
				CLANG_ENABLE_OBJC_ARC = YES;
				CLANG_WARN_BLOCK_CAPTURE_AUTORELEASING = YES;
				CLANG_WARN_BOOL_CONVERSION = YES;
				CLANG_WARN_COMMA = YES;
				CLANG_WARN_CONSTANT_CONVERSION = YES;
				CLANG_WARN_DIRECT_OBJC_ISA_USAGE = YES_ERROR;
				CLANG_WARN_DOCUMENTATION_COMMENTS = YES;
				CLANG_WARN_EMPTY_BODY = YES;
				CLANG_WARN_ENUM_CONVERSION = YES;
				CLANG_WARN_INFINITE_RECURSION = YES;
				CLANG_WARN_INT_CONVERSION = YES;
				CLANG_WARN_NON_LITERAL_NULL_CONVERSION = YES;
				CLANG_WARN_OBJC_LITERAL_CONVERSION = YES;
				CLANG_WARN_OBJC_ROOT_CLASS = YES_ERROR;
				CLANG_WARN_RANGE_LOOP_ANALYSIS = YES;
				CLANG_WARN_STRICT_PROTOTYPES = YES;
				CLANG_WARN_SUSPICIOUS_MOVE = YES;
				CLANG_WARN_UNGUARDED_AVAILABILITY = YES_AGGRESSIVE;
				CLANG_WARN_UNREACHABLE_CODE = YES;
				CLANG_WARN__DUPLICATE_METHOD_MATCH = YES;
				CODE_SIGN_IDENTITY = "iPhone Developer";
				COPY_PHASE_STRIP = NO;
				DEBUG_INFORMATION_FORMAT = dwarf;
				ENABLE_STRICT_OBJC_MSGSEND = YES;
				ENABLE_TESTABILITY = YES;
				GCC_C_LANGUAGE_STANDARD = gnu11;
				GCC_DYNAMIC_NO_PIC = NO;
				GCC_NO_COMMON_BLOCKS = YES;
				GCC_OPTIMIZATION_LEVEL = 0;
				GCC_PREPROCESSOR_DEFINITIONS = (
					"DEBUG=1",
					"$(inherited)",
				);
				GCC_WARN_64_TO_32_BIT_CONVERSION = YES;
				GCC_WARN_ABOUT_RETURN_TYPE = YES_ERROR;
				GCC_WARN_UNDECLARED_SELECTOR = YES;
				GCC_WARN_UNINITIALIZED_AUTOS = YES_AGGRESSIVE;
				GCC_WARN_UNUSED_FUNCTION = YES;
				GCC_WARN_UNUSED_VARIABLE = YES;
				IPHONEOS_DEPLOYMENT_TARGET = 11.0;
				MTL_ENABLE_DEBUG_INFO = YES;
				ONLY_ACTIVE_ARCH = YES;
				SDKROOT = iphoneos;
				SWIFT_ACTIVE_COMPILATION_CONDITIONS = DEBUG;
				SWIFT_OPTIMIZATION_LEVEL = "-Onone";
			};
			name = Debug;
		};
		5992CF411FA18F4500898EEB /* Release */ = {
			isa = XCBuildConfiguration;
			buildSettings = {
				ALWAYS_SEARCH_USER_PATHS = NO;
				CLANG_ANALYZER_NONNULL = YES;
				CLANG_ANALYZER_NUMBER_OBJECT_CONVERSION = YES_AGGRESSIVE;
				CLANG_CXX_LANGUAGE_STANDARD = "gnu++14";
				CLANG_CXX_LIBRARY = "libc++";
				CLANG_ENABLE_MODULES = YES;
				CLANG_ENABLE_OBJC_ARC = YES;
				CLANG_WARN_BLOCK_CAPTURE_AUTORELEASING = YES;
				CLANG_WARN_BOOL_CONVERSION = YES;
				CLANG_WARN_COMMA = YES;
				CLANG_WARN_CONSTANT_CONVERSION = YES;
				CLANG_WARN_DIRECT_OBJC_ISA_USAGE = YES_ERROR;
				CLANG_WARN_DOCUMENTATION_COMMENTS = YES;
				CLANG_WARN_EMPTY_BODY = YES;
				CLANG_WARN_ENUM_CONVERSION = YES;
				CLANG_WARN_INFINITE_RECURSION = YES;
				CLANG_WARN_INT_CONVERSION = YES;
				CLANG_WARN_NON_LITERAL_NULL_CONVERSION = YES;
				CLANG_WARN_OBJC_LITERAL_CONVERSION = YES;
				CLANG_WARN_OBJC_ROOT_CLASS = YES_ERROR;
				CLANG_WARN_RANGE_LOOP_ANALYSIS = YES;
				CLANG_WARN_STRICT_PROTOTYPES = YES;
				CLANG_WARN_SUSPICIOUS_MOVE = YES;
				CLANG_WARN_UNGUARDED_AVAILABILITY = YES_AGGRESSIVE;
				CLANG_WARN_UNREACHABLE_CODE = YES;
				CLANG_WARN__DUPLICATE_METHOD_MATCH = YES;
				CODE_SIGN_IDENTITY = "iPhone Developer";
				COPY_PHASE_STRIP = NO;
				DEBUG_INFORMATION_FORMAT = "dwarf-with-dsym";
				ENABLE_NS_ASSERTIONS = NO;
				ENABLE_STRICT_OBJC_MSGSEND = YES;
				GCC_C_LANGUAGE_STANDARD = gnu11;
				GCC_NO_COMMON_BLOCKS = YES;
				GCC_WARN_64_TO_32_BIT_CONVERSION = YES;
				GCC_WARN_ABOUT_RETURN_TYPE = YES_ERROR;
				GCC_WARN_UNDECLARED_SELECTOR = YES;
				GCC_WARN_UNINITIALIZED_AUTOS = YES_AGGRESSIVE;
				GCC_WARN_UNUSED_FUNCTION = YES;
				GCC_WARN_UNUSED_VARIABLE = YES;
				IPHONEOS_DEPLOYMENT_TARGET = 11.0;
				MTL_ENABLE_DEBUG_INFO = NO;
				SDKROOT = iphoneos;
				SWIFT_OPTIMIZATION_LEVEL = "-Owholemodule";
				VALIDATE_PRODUCT = YES;
			};
			name = Release;
		};
		5992CF431FA18F4500898EEB /* Debug */ = {
			isa = XCBuildConfiguration;
			buildSettings = {
				ASSETCATALOG_COMPILER_APPICON_NAME = AppIcon;
				CODE_SIGN_STYLE = Automatic;
				DEVELOPMENT_TEAM = RNF94H3R84;
				INFOPLIST_FILE = MJExtensionSwift/Info.plist;
				LD_RUNPATH_SEARCH_PATHS = "$(inherited) @executable_path/Frameworks";
				PRODUCT_BUNDLE_IDENTIFIER = com.imiping.maodun.MJExtensionSwift;
				PRODUCT_NAME = "$(TARGET_NAME)";
				SWIFT_VERSION = 4.0;
				TARGETED_DEVICE_FAMILY = "1,2";
			};
			name = Debug;
		};
		5992CF441FA18F4500898EEB /* Release */ = {
			isa = XCBuildConfiguration;
			buildSettings = {
				ASSETCATALOG_COMPILER_APPICON_NAME = AppIcon;
				CODE_SIGN_STYLE = Automatic;
				DEVELOPMENT_TEAM = RNF94H3R84;
				INFOPLIST_FILE = MJExtensionSwift/Info.plist;
				LD_RUNPATH_SEARCH_PATHS = "$(inherited) @executable_path/Frameworks";
				PRODUCT_BUNDLE_IDENTIFIER = com.imiping.maodun.MJExtensionSwift;
				PRODUCT_NAME = "$(TARGET_NAME)";
				SWIFT_VERSION = 4.0;
				TARGETED_DEVICE_FAMILY = "1,2";
			};
			name = Release;
		};
/* End XCBuildConfiguration section */

/* Begin XCConfigurationList section */
		5992CF2B1FA18F4500898EEB /* Build configuration list for PBXProject "MJExtensionSwift" */ = {
			isa = XCConfigurationList;
			buildConfigurations = (
				5992CF401FA18F4500898EEB /* Debug */,
				5992CF411FA18F4500898EEB /* Release */,
			);
			defaultConfigurationIsVisible = 0;
			defaultConfigurationName = Release;
		};
		5992CF421FA18F4500898EEB /* Build configuration list for PBXNativeTarget "MJExtensionSwift" */ = {
			isa = XCConfigurationList;
			buildConfigurations = (
				5992CF431FA18F4500898EEB /* Debug */,
				5992CF441FA18F4500898EEB /* Release */,
			);
			defaultConfigurationIsVisible = 0;
			defaultConfigurationName = Release;
		};
/* End XCConfigurationList section */
	};
	rootObject = 5992CF281FA18F4500898EEB /* Project object */;
}
