// !$*UTF8*$!
{
	archiveVersion = 1;
	classes = {
	};
	objectVersion = 48;
	objects = {

/* Begin PBXBuildFile section */
		5951501C1FA087C9009B3C9E /* PersonReplace.swift in Sources */ = {isa = PBXBuildFile; fileRef = 5951501B1FA087C9009B3C9E /* PersonReplace.swift */; };
		5951501E1FA08D1C009B3C9E /* SchoolModel.swift in Sources */ = {isa = PBXBuildFile; fileRef = 5951501D1FA08D1C009B3C9E /* SchoolModel.swift */; };
		595150201FA0DD65009B3C9E /* ClassModel.swift in Sources */ = {isa = PBXBuildFile; fileRef = 5951501F1FA0DD65009B3C9E /* ClassModel.swift */; };
		59BFB31E1FA07424004A53D3 /* AppDelegate.swift in Sources */ = {isa = PBXBuildFile; fileRef = 59BFB31D1FA07424004A53D3 /* AppDelegate.swift */; };
		59BFB3201FA07424004A53D3 /* ViewController.swift in Sources */ = {isa = PBXBuildFile; fileRef = 59BFB31F1FA07424004A53D3 /* ViewController.swift */; };
		59BFB3231FA07424004A53D3 /* Main.storyboard in Resources */ = {isa = PBXBuildFile; fileRef = 59BFB3211FA07424004A53D3 /* Main.storyboard */; };
		59BFB3251FA07424004A53D3 /* Assets.xcassets in Resources */ = {isa = PBXBuildFile; fileRef = 59BFB3241FA07424004A53D3 /* Assets.xcassets */; };
		59BFB3281FA07424004A53D3 /* LaunchScreen.storyboard in Resources */ = {isa = PBXBuildFile; fileRef = 59BFB3261FA07424004A53D3 /* LaunchScreen.storyboard */; };
		59BFB3301FA07433004A53D3 /* TinyModel.swift in Sources */ = {isa = PBXBuildFile; fileRef = 59BFB32F1FA07433004A53D3 /* TinyModel.swift */; };
		59BFB3381FA07AAB004A53D3 /* Animal.swift in Sources */ = {isa = PBXBuildFile; fileRef = 59BFB3371FA07AAB004A53D3 /* Animal.swift */; };
		59BFB33A1FA07AD9004A53D3 /* Person.swift in Sources */ = {isa = PBXBuildFile; fileRef = 59BFB3391FA07AD9004A53D3 /* Person.swift */; };
/* End PBXBuildFile section */

/* Begin PBXFileReference section */
		5951501B1FA087C9009B3C9E /* PersonReplace.swift */ = {isa = PBXFileReference; lastKnownFileType = sourcecode.swift; path = PersonReplace.swift; sourceTree = "<group>"; };
		5951501D1FA08D1C009B3C9E /* SchoolModel.swift */ = {isa = PBXFileReference; lastKnownFileType = sourcecode.swift; path = SchoolModel.swift; sourceTree = "<group>"; };
		5951501F1FA0DD65009B3C9E /* ClassModel.swift */ = {isa = PBXFileReference; lastKnownFileType = sourcecode.swift; path = ClassModel.swift; sourceTree = "<group>"; };
		59BFB31A1FA07424004A53D3 /* TinyModel.app */ = {isa = PBXFileReference; explicitFileType = wrapper.application; includeInIndex = 0; path = TinyModel.app; sourceTree = BUILT_PRODUCTS_DIR; };
		59BFB31D1FA07424004A53D3 /* AppDelegate.swift */ = {isa = PBXFileReference; lastKnownFileType = sourcecode.swift; path = AppDelegate.swift; sourceTree = "<group>"; };
		59BFB31F1FA07424004A53D3 /* ViewController.swift */ = {isa = PBXFileReference; lastKnownFileType = sourcecode.swift; path = ViewController.swift; sourceTree = "<group>"; };
		59BFB3221FA07424004A53D3 /* Base */ = {isa = PBXFileReference; lastKnownFileType = file.storyboard; name = Base; path = Base.lproj/Main.storyboard; sourceTree = "<group>"; };
		59BFB3241FA07424004A53D3 /* Assets.xcassets */ = {isa = PBXFileReference; lastKnownFileType = folder.assetcatalog; path = Assets.xcassets; sourceTree = "<group>"; };
		59BFB3271FA07424004A53D3 /* Base */ = {isa = PBXFileReference; lastKnownFileType = file.storyboard; name = Base; path = Base.lproj/LaunchScreen.storyboard; sourceTree = "<group>"; };
		59BFB3291FA07424004A53D3 /* Info.plist */ = {isa = PBXFileReference; lastKnownFileType = text.plist.xml; path = Info.plist; sourceTree = "<group>"; };
		59BFB32F1FA07433004A53D3 /* TinyModel.swift */ = {isa = PBXFileReference; fileEncoding = 4; lastKnownFileType = sourcecode.swift; path = TinyModel.swift; sourceTree = "<group>"; };
		59BFB3371FA07AAB004A53D3 /* Animal.swift */ = {isa = PBXFileReference; fileEncoding = 4; lastKnownFileType = sourcecode.swift; path = Animal.swift; sourceTree = "<group>"; };
		59BFB3391FA07AD9004A53D3 /* Person.swift */ = {isa = PBXFileReference; lastKnownFileType = sourcecode.swift; path = Person.swift; sourceTree = "<group>"; };
/* End PBXFileReference section */

/* Begin PBXFrameworksBuildPhase section */
		59BFB3171FA07424004A53D3 /* Frameworks */ = {
			isa = PBXFrameworksBuildPhase;
			buildActionMask = 2147483647;
			files = (
			);
			runOnlyForDeploymentPostprocessing = 0;
		};
/* End PBXFrameworksBuildPhase section */

/* Begin PBXGroup section */
		59BFB3111FA07424004A53D3 = {
			isa = PBXGroup;
			children = (
				59BFB31C1FA07424004A53D3 /* TinyModel */,
				59BFB31B1FA07424004A53D3 /* Products */,
			);
			sourceTree = "<group>";
		};
		59BFB31B1FA07424004A53D3 /* Products */ = {
			isa = PBXGroup;
			children = (
				59BFB31A1FA07424004A53D3 /* TinyModel.app */,
			);
			name = Products;
			sourceTree = "<group>";
		};
		59BFB31C1FA07424004A53D3 /* TinyModel */ = {
			isa = PBXGroup;
			children = (
				59BFB3331FA07519004A53D3 /* Model */,
				59BFB32F1FA07433004A53D3 /* TinyModel.swift */,
				59BFB31D1FA07424004A53D3 /* AppDelegate.swift */,
				59BFB31F1FA07424004A53D3 /* ViewController.swift */,
				59BFB3211FA07424004A53D3 /* Main.storyboard */,
				59BFB3241FA07424004A53D3 /* Assets.xcassets */,
				59BFB3261FA07424004A53D3 /* LaunchScreen.storyboard */,
				59BFB3291FA07424004A53D3 /* Info.plist */,
			);
			path = TinyModel;
			sourceTree = "<group>";
		};
		59BFB3331FA07519004A53D3 /* Model */ = {
			isa = PBXGroup;
			children = (
				59BFB3371FA07AAB004A53D3 /* Animal.swift */,
				59BFB3391FA07AD9004A53D3 /* Person.swift */,
				5951501B1FA087C9009B3C9E /* PersonReplace.swift */,
				5951501D1FA08D1C009B3C9E /* SchoolModel.swift */,
				5951501F1FA0DD65009B3C9E /* ClassModel.swift */,
			);
			path = Model;
			sourceTree = "<group>";
		};
/* End PBXGroup section */

/* Begin PBXNativeTarget section */
		59BFB3191FA07424004A53D3 /* TinyModel */ = {
			isa = PBXNativeTarget;
			buildConfigurationList = 59BFB32C1FA07424004A53D3 /* Build configuration list for PBXNativeTarget "TinyModel" */;
			buildPhases = (
				59BFB3161FA07424004A53D3 /* Sources */,
				59BFB3171FA07424004A53D3 /* Frameworks */,
				59BFB3181FA07424004A53D3 /* Resources */,
			);
			buildRules = (
			);
			dependencies = (
			);
			name = TinyModel;
			productName = TinyModel;
			productReference = 59BFB31A1FA07424004A53D3 /* TinyModel.app */;
			productType = "com.apple.product-type.application";
		};
/* End PBXNativeTarget section */

/* Begin PBXProject section */
		59BFB3121FA07424004A53D3 /* Project object */ = {
			isa = PBXProject;
			attributes = {
				LastSwiftUpdateCheck = 0900;
				LastUpgradeCheck = 0900;
				ORGANIZATIONNAME = dacai;
				TargetAttributes = {
					59BFB3191FA07424004A53D3 = {
						CreatedOnToolsVersion = 9.0.1;
						ProvisioningStyle = Automatic;
					};
				};
			};
			buildConfigurationList = 59BFB3151FA07424004A53D3 /* Build configuration list for PBXProject "TinyModel" */;
			compatibilityVersion = "Xcode 8.0";
			developmentRegion = en;
			hasScannedForEncodings = 0;
			knownRegions = (
				en,
				Base,
			);
			mainGroup = 59BFB3111FA07424004A53D3;
			productRefGroup = 59BFB31B1FA07424004A53D3 /* Products */;
			projectDirPath = "";
			projectRoot = "";
			targets = (
				59BFB3191FA07424004A53D3 /* TinyModel */,
			);
		};
/* End PBXProject section */

/* Begin PBXResourcesBuildPhase section */
		59BFB3181FA07424004A53D3 /* Resources */ = {
			isa = PBXResourcesBuildPhase;
			buildActionMask = 2147483647;
			files = (
				59BFB3281FA07424004A53D3 /* LaunchScreen.storyboard in Resources */,
				59BFB3251FA07424004A53D3 /* Assets.xcassets in Resources */,
				59BFB3231FA07424004A53D3 /* Main.storyboard in Resources */,
			);
			runOnlyForDeploymentPostprocessing = 0;
		};
/* End PBXResourcesBuildPhase section */

/* Begin PBXSourcesBuildPhase section */
		59BFB3161FA07424004A53D3 /* Sources */ = {
			isa = PBXSourcesBuildPhase;
			buildActionMask = 2147483647;
			files = (
				59BFB33A1FA07AD9004A53D3 /* Person.swift in Sources */,
				59BFB3201FA07424004A53D3 /* ViewController.swift in Sources */,
				595150201FA0DD65009B3C9E /* ClassModel.swift in Sources */,
				59BFB3381FA07AAB004A53D3 /* Animal.swift in Sources */,
				5951501C1FA087C9009B3C9E /* PersonReplace.swift in Sources */,
				5951501E1FA08D1C009B3C9E /* SchoolModel.swift in Sources */,
				59BFB31E1FA07424004A53D3 /* AppDelegate.swift in Sources */,
				59BFB3301FA07433004A53D3 /* TinyModel.swift in Sources */,
			);
			runOnlyForDeploymentPostprocessing = 0;
		};
/* End PBXSourcesBuildPhase section */

/* Begin PBXVariantGroup section */
		59BFB3211FA07424004A53D3 /* Main.storyboard */ = {
			isa = PBXVariantGroup;
			children = (
				59BFB3221FA07424004A53D3 /* Base */,
			);
			name = Main.storyboard;
			sourceTree = "<group>";
		};
		59BFB3261FA07424004A53D3 /* LaunchScreen.storyboard */ = {
			isa = PBXVariantGroup;
			children = (
				59BFB3271FA07424004A53D3 /* Base */,
			);
			name = LaunchScreen.storyboard;
			sourceTree = "<group>";
		};
/* End PBXVariantGroup section */

/* Begin XCBuildConfiguration section */
		59BFB32A1FA07424004A53D3 /* Debug */ = {
			isa = XCBuildConfiguration;
			buildSettings = {
				ALWAYS_SEARCH_USER_PATHS = NO;
				CLANG_ANALYZER_NONNULL = YES;
				CLANG_ANALYZER_NUMBER_OBJECT_CONVERSION = YES_AGGRESSIVE;
				CLANG_CXX_LANGUAGE_STANDARD = "gnu++14";
				CLANG_CXX_LIBRARY = "libc++";
				CLANG_ENABLE_MODULES = YES;
				CLANG_ENABLE_OBJC_ARC = YES;
				CLANG_WARN_BLOCK_CAPTURE_AUTORELEASING = YES;
				CLANG_WARN_BOOL_CONVERSION = YES;
				CLANG_WARN_COMMA = YES;
				CLANG_WARN_CONSTANT_CONVERSION = YES;
				CLANG_WARN_DIRECT_OBJC_ISA_USAGE = YES_ERROR;
				CLANG_WARN_DOCUMENTATION_COMMENTS = YES;
				CLANG_WARN_EMPTY_BODY = YES;
				CLANG_WARN_ENUM_CONVERSION = YES;
				CLANG_WARN_INFINITE_RECURSION = YES;
				CLANG_WARN_INT_CONVERSION = YES;
				CLANG_WARN_NON_LITERAL_NULL_CONVERSION = YES;
				CLANG_WARN_OBJC_LITERAL_CONVERSION = YES;
				CLANG_WARN_OBJC_ROOT_CLASS = YES_ERROR;
				CLANG_WARN_RANGE_LOOP_ANALYSIS = YES;
				CLANG_WARN_STRICT_PROTOTYPES = YES;
				CLANG_WARN_SUSPICIOUS_MOVE = YES;
				CLANG_WARN_UNGUARDED_AVAILABILITY = YES_AGGRESSIVE;
				CLANG_WARN_UNREACHABLE_CODE = YES;
				CLANG_WARN__DUPLICATE_METHOD_MATCH = YES;
				CODE_SIGN_IDENTITY = "iPhone Developer";
				COPY_PHASE_STRIP = NO;
				DEBUG_INFORMATION_FORMAT = dwarf;
				ENABLE_STRICT_OBJC_MSGSEND = YES;
				ENABLE_TESTABILITY = YES;
				GCC_C_LANGUAGE_STANDARD = gnu11;
				GCC_DYNAMIC_NO_PIC = NO;
				GCC_NO_COMMON_BLOCKS = YES;
				GCC_OPTIMIZATION_LEVEL = 0;
				GCC_PREPROCESSOR_DEFINITIONS = (
					"DEBUG=1",
					"$(inherited)",
				);
				GCC_WARN_64_TO_32_BIT_CONVERSION = YES;
				GCC_WARN_ABOUT_RETURN_TYPE = YES_ERROR;
				GCC_WARN_UNDECLARED_SELECTOR = YES;
				GCC_WARN_UNINITIALIZED_AUTOS = YES_AGGRESSIVE;
				GCC_WARN_UNUSED_FUNCTION = YES;
				GCC_WARN_UNUSED_VARIABLE = YES;
				IPHONEOS_DEPLOYMENT_TARGET = 11.0;
				MTL_ENABLE_DEBUG_INFO = YES;
				ONLY_ACTIVE_ARCH = YES;
				SDKROOT = iphoneos;
				SWIFT_ACTIVE_COMPILATION_CONDITIONS = DEBUG;
				SWIFT_OPTIMIZATION_LEVEL = "-Onone";
			};
			name = Debug;
		};
		59BFB32B1FA07424004A53D3 /* Release */ = {
			isa = XCBuildConfiguration;
			buildSettings = {
				ALWAYS_SEARCH_USER_PATHS = NO;
				CLANG_ANALYZER_NONNULL = YES;
				CLANG_ANALYZER_NUMBER_OBJECT_CONVERSION = YES_AGGRESSIVE;
				CLANG_CXX_LANGUAGE_STANDARD = "gnu++14";
				CLANG_CXX_LIBRARY = "libc++";
				CLANG_ENABLE_MODULES = YES;
				CLANG_ENABLE_OBJC_ARC = YES;
				CLANG_WARN_BLOCK_CAPTURE_AUTORELEASING = YES;
				CLANG_WARN_BOOL_CONVERSION = YES;
				CLANG_WARN_COMMA = YES;
				CLANG_WARN_CONSTANT_CONVERSION = YES;
				CLANG_WARN_DIRECT_OBJC_ISA_USAGE = YES_ERROR;
				CLANG_WARN_DOCUMENTATION_COMMENTS = YES;
				CLANG_WARN_EMPTY_BODY = YES;
				CLANG_WARN_ENUM_CONVERSION = YES;
				CLANG_WARN_INFINITE_RECURSION = YES;
				CLANG_WARN_INT_CONVERSION = YES;
				CLANG_WARN_NON_LITERAL_NULL_CONVERSION = YES;
				CLANG_WARN_OBJC_LITERAL_CONVERSION = YES;
				CLANG_WARN_OBJC_ROOT_CLASS = YES_ERROR;
				CLANG_WARN_RANGE_LOOP_ANALYSIS = YES;
				CLANG_WARN_STRICT_PROTOTYPES = YES;
				CLANG_WARN_SUSPICIOUS_MOVE = YES;
				CLANG_WARN_UNGUARDED_AVAILABILITY = YES_AGGRESSIVE;
				CLANG_WARN_UNREACHABLE_CODE = YES;
				CLANG_WARN__DUPLICATE_METHOD_MATCH = YES;
				CODE_SIGN_IDENTITY = "iPhone Developer";
				COPY_PHASE_STRIP = NO;
				DEBUG_INFORMATION_FORMAT = "dwarf-with-dsym";
				ENABLE_NS_ASSERTIONS = NO;
				ENABLE_STRICT_OBJC_MSGSEND = YES;
				GCC_C_LANGUAGE_STANDARD = gnu11;
				GCC_NO_COMMON_BLOCKS = YES;
				GCC_WARN_64_TO_32_BIT_CONVERSION = YES;
				GCC_WARN_ABOUT_RETURN_TYPE = YES_ERROR;
				GCC_WARN_UNDECLARED_SELECTOR = YES;
				GCC_WARN_UNINITIALIZED_AUTOS = YES_AGGRESSIVE;
				GCC_WARN_UNUSED_FUNCTION = YES;
				GCC_WARN_UNUSED_VARIABLE = YES;
				IPHONEOS_DEPLOYMENT_TARGET = 11.0;
				MTL_ENABLE_DEBUG_INFO = NO;
				SDKROOT = iphoneos;
				SWIFT_OPTIMIZATION_LEVEL = "-Owholemodule";
				VALIDATE_PRODUCT = YES;
			};
			name = Release;
		};
		59BFB32D1FA07424004A53D3 /* Debug */ = {
			isa = XCBuildConfiguration;
			buildSettings = {
				ASSETCATALOG_COMPILER_APPICON_NAME = AppIcon;
				CODE_SIGN_STYLE = Automatic;
				DEVELOPMENT_TEAM = RNF94H3R84;
				INFOPLIST_FILE = TinyModel/Info.plist;
				LD_RUNPATH_SEARCH_PATHS = "$(inherited) @executable_path/Frameworks";
				PRODUCT_BUNDLE_IDENTIFIER = com.imiping.maodun.TinyModel;
				PRODUCT_NAME = "$(TARGET_NAME)";
				SWIFT_VERSION = 4.0;
				TARGETED_DEVICE_FAMILY = "1,2";
			};
			name = Debug;
		};
		59BFB32E1FA07424004A53D3 /* Release */ = {
			isa = XCBuildConfiguration;
			buildSettings = {
				ASSETCATALOG_COMPILER_APPICON_NAME = AppIcon;
				CODE_SIGN_STYLE = Automatic;
				DEVELOPMENT_TEAM = RNF94H3R84;
				INFOPLIST_FILE = TinyModel/Info.plist;
				LD_RUNPATH_SEARCH_PATHS = "$(inherited) @executable_path/Frameworks";
				PRODUCT_BUNDLE_IDENTIFIER = com.imiping.maodun.TinyModel;
				PRODUCT_NAME = "$(TARGET_NAME)";
				SWIFT_VERSION = 4.0;
				TARGETED_DEVICE_FAMILY = "1,2";
			};
			name = Release;
		};
/* End XCBuildConfiguration section */

/* Begin XCConfigurationList section */
		59BFB3151FA07424004A53D3 /* Build configuration list for PBXProject "TinyModel" */ = {
			isa = XCConfigurationList;
			buildConfigurations = (
				59BFB32A1FA07424004A53D3 /* Debug */,
				59BFB32B1FA07424004A53D3 /* Release */,
			);
			defaultConfigurationIsVisible = 0;
			defaultConfigurationName = Release;
		};
		59BFB32C1FA07424004A53D3 /* Build configuration list for PBXNativeTarget "TinyModel" */ = {
			isa = XCConfigurationList;
			buildConfigurations = (
				59BFB32D1FA07424004A53D3 /* Debug */,
				59BFB32E1FA07424004A53D3 /* Release */,
			);
			defaultConfigurationIsVisible = 0;
			defaultConfigurationName = Release;
		};
/* End XCConfigurationList section */
	};
	rootObject = 59BFB3121FA07424004A53D3 /* Project object */;
}
